
Microsoft Visual Studio Solution File, Format Version 12.00
# Visual Studio Version 16
VisualStudioVersion = 25.0.1706.12
MinimumVisualStudioVersion = 10.0.40219.1
Project("{FAE04EC0-301F-11D3-BF4B-00C04F79EFBC}") = "WordFrequency", "WordFrequency\WordFrequency.csproj", "{BB52A789-CA7C-405F-8C4D-BA458282DBC0}"
EndProject
Global
	GlobalSection(SolutionConfigurationPlatforms) = preSolution
		Debug|Any CPU = Debug|Any CPU
		Release|Any CPU = Release|Any CPU
	EndGlobalSection
	GlobalSection(ProjectConfigurationPlatforms) = postSolution
		{BB52A789-CA7C-405F-8C4D-BA458282DBC0}.Debug|Any CPU.ActiveCfg = Debug|Any CPU
		{BB52A789-CA7C-405F-8C4D-BA458282DBC0}.Debug|Any CPU.Build.0 = Debug|Any CPU
		{BB52A789-CA7C-405F-8C4D-BA458282DBC0}.Release|Any CPU.ActiveCfg = Release|Any CPU
		{BB52A789-CA7C-405F-8C4D-BA458282DBC0}.Release|Any CPU.Build.0 = Release|Any CPU
	EndGlobalSection
	GlobalSection(SolutionProperties) = preSolution
		HideSolutionNode = FALSE
	EndGlobalSection
	GlobalSection(ExtensibilityGlobals) = postSolution
		SolutionGuid = {2C483DF8-7612-48B4-B255-80D02AE8E4C5}
	EndGlobalSection
EndGlobal
